
Microsoft Visual Studio Solution File, Format Version 12.00
# Visual Studio 15
VisualStudioVersion = 15.0.28307.106
MinimumVisualStudioVersion = 10.0.40219.1
Project("{FAE04EC0-301F-11D3-BF4B-00C04F79EFBC}") = "Model", "Model\Model.csproj", "{45EB36FA-BBFF-46A9-9149-1B4E53518102}"
EndProject
Global
	GlobalSection(SolutionConfigurationPlatforms) = preSolution
		Debug|Any CPU = Debug|Any CPU
		Release|Any CPU = Release|Any CPU
	EndGlobalSection
	GlobalSection(ProjectConfigurationPlatforms) = postSolution
		{45EB36FA-BBFF-46A9-9149-1B4E53518102}.Debug|Any CPU.ActiveCfg = Debug|Any CPU
		{45EB36FA-BBFF-46A9-9149-1B4E53518102}.Debug|Any CPU.Build.0 = Debug|Any CPU
		{45EB36FA-BBFF-46A9-9149-1B4E53518102}.Release|Any CPU.ActiveCfg = Release|Any CPU
		{45EB36FA-BBFF-46A9-9149-1B4E53518102}.Release|Any CPU.Build.0 = Release|Any CPU
	EndGlobalSection
	GlobalSection(SolutionProperties) = preSolution
		HideSolutionNode = FALSE
	EndGlobalSection
	GlobalSection(ExtensibilityGlobals) = postSolution
		SolutionGuid = {9A12699E-7E83-4C00-9B96-2D85C05212E9}
	EndGlobalSection
EndGlobal
